
Microsoft Visual Studio Solution File, Format Version 12.00
# Visual Studio Version 16
VisualStudioVersion = 16.0.31019.35
MinimumVisualStudioVersion = 10.0.40219.1
Project("{FAE04EC0-301F-11D3-BF4B-00C04F79EFBC}") = "DivulgaTudo", "DivulgaTudo\DivulgaTudo.csproj", "{7B869EF2-C606-4798-BE45-CD4C00B5CAE2}"
EndProject
Global
	GlobalSection(SolutionConfigurationPlatforms) = preSolution
		Debug|Any CPU = Debug|Any CPU
		Release|Any CPU = Release|Any CPU
	EndGlobalSection
	GlobalSection(ProjectConfigurationPlatforms) = postSolution
		{7B869EF2-C606-4798-BE45-CD4C00B5CAE2}.Debug|Any CPU.ActiveCfg = Debug|Any CPU
		{7B869EF2-C606-4798-BE45-CD4C00B5CAE2}.Debug|Any CPU.Build.0 = Debug|Any CPU
		{7B869EF2-C606-4798-BE45-CD4C00B5CAE2}.Release|Any CPU.ActiveCfg = Release|Any CPU
		{7B869EF2-C606-4798-BE45-CD4C00B5CAE2}.Release|Any CPU.Build.0 = Release|Any CPU
	EndGlobalSection
	GlobalSection(SolutionProperties) = preSolution
		HideSolutionNode = FALSE
	EndGlobalSection
	GlobalSection(ExtensibilityGlobals) = postSolution
		SolutionGuid = {CE0EC6B7-0476-480B-8280-CF1516DD3054}
	EndGlobalSection
EndGlobal
